
Microsoft Visual Studio Solution File, Format Version 12.00
# Visual Studio 15
VisualStudioVersion = 15.0.27703.2035
MinimumVisualStudioVersion = 10.0.40219.1
Project("{FAE04EC0-301F-11D3-BF4B-00C04F79EFBC}") = "SequentialCollections", "SequentialCollections\SequentialCollections.csproj", "{A2AB2BC4-3957-4A4C-BC93-59EB70A932A7}"
EndProject
Project("{FAE04EC0-301F-11D3-BF4B-00C04F79EFBC}") = "DictionaryCollections", "DictionaryCollections\DictionaryCollections.csproj", "{9DA11B68-3A21-455C-98CE-792FE2E590D8}"
EndProject
Project("{FAE04EC0-301F-11D3-BF4B-00C04F79EFBC}") = "LookupCollections", "LookupCollections\LookupCollections.csproj", "{0D644591-51FF-467F-BEAB-19B0CCD0ED12}"
EndProject
Project("{FAE04EC0-301F-11D3-BF4B-00C04F79EFBC}") = "GenericCollections", "GenericCollections\GenericCollections.csproj", "{7ABD02A0-7987-44D8-A6CB-55E65FF9487F}"
EndProject
Global
	GlobalSection(SolutionConfigurationPlatforms) = preSolution
		Debug|Any CPU = Debug|Any CPU
		Release|Any CPU = Release|Any CPU
	EndGlobalSection
	GlobalSection(ProjectConfigurationPlatforms) = postSolution
		{A2AB2BC4-3957-4A4C-BC93-59EB70A932A7}.Debug|Any CPU.ActiveCfg = Debug|Any CPU
		{A2AB2BC4-3957-4A4C-BC93-59EB70A932A7}.Debug|Any CPU.Build.0 = Debug|Any CPU
		{A2AB2BC4-3957-4A4C-BC93-59EB70A932A7}.Release|Any CPU.ActiveCfg = Release|Any CPU
		{A2AB2BC4-3957-4A4C-BC93-59EB70A932A7}.Release|Any CPU.Build.0 = Release|Any CPU
		{9DA11B68-3A21-455C-98CE-792FE2E590D8}.Debug|Any CPU.ActiveCfg = Debug|Any CPU
		{9DA11B68-3A21-455C-98CE-792FE2E590D8}.Debug|Any CPU.Build.0 = Debug|Any CPU
		{9DA11B68-3A21-455C-98CE-792FE2E590D8}.Release|Any CPU.ActiveCfg = Release|Any CPU
		{9DA11B68-3A21-455C-98CE-792FE2E590D8}.Release|Any CPU.Build.0 = Release|Any CPU
		{0D644591-51FF-467F-BEAB-19B0CCD0ED12}.Debug|Any CPU.ActiveCfg = Debug|Any CPU
		{0D644591-51FF-467F-BEAB-19B0CCD0ED12}.Debug|Any CPU.Build.0 = Debug|Any CPU
		{0D644591-51FF-467F-BEAB-19B0CCD0ED12}.Release|Any CPU.ActiveCfg = Release|Any CPU
		{0D644591-51FF-467F-BEAB-19B0CCD0ED12}.Release|Any CPU.Build.0 = Release|Any CPU
		{7ABD02A0-7987-44D8-A6CB-55E65FF9487F}.Debug|Any CPU.ActiveCfg = Debug|Any CPU
		{7ABD02A0-7987-44D8-A6CB-55E65FF9487F}.Debug|Any CPU.Build.0 = Debug|Any CPU
		{7ABD02A0-7987-44D8-A6CB-55E65FF9487F}.Release|Any CPU.ActiveCfg = Release|Any CPU
		{7ABD02A0-7987-44D8-A6CB-55E65FF9487F}.Release|Any CPU.Build.0 = Release|Any CPU
	EndGlobalSection
	GlobalSection(SolutionProperties) = preSolution
		HideSolutionNode = FALSE
	EndGlobalSection
	GlobalSection(ExtensibilityGlobals) = postSolution
		SolutionGuid = {E912101C-04B7-4259-B6B7-E5D53CBEFA95}
	EndGlobalSection
EndGlobal
